// !$*UTF8*$!
{
	archiveVersion = 1;
	classes = {
	};
	objectVersion = 46;
	objects = {

/* Begin PBXBuildFile section */
		4353EB15683EF577553CA79D /* libPods-TableViewTryUITests.a in Frameworks */ = {isa = PBXBuildFile; fileRef = 07F61B9092ABEFA5329172E8 /* libPods-TableViewTryUITests.a */; };
		631B2E943B39BA0279F89640 /* libPods-TableViewTryTests.a in Frameworks */ = {isa = PBXBuildFile; fileRef = 9B50DDD4FD701252F2FEB2A7 /* libPods-TableViewTryTests.a */; };
		A62DC0631DD08B1C0036C000 /* libAFNetworking.a in Frameworks */ = {isa = PBXBuildFile; fileRef = A62DC05F1DD08B1C0036C000 /* libAFNetworking.a */; };
		A62DC0641DD08B1C0036C000 /* libMJExtension.a in Frameworks */ = {isa = PBXBuildFile; fileRef = A62DC0601DD08B1C0036C000 /* libMJExtension.a */; };
		A62DC0651DD08B1C0036C000 /* libMJRefresh.a in Frameworks */ = {isa = PBXBuildFile; fileRef = A62DC0611DD08B1C0036C000 /* libMJRefresh.a */; };
		A62DC0661DD08B1C0036C000 /* libSDWebImage.a in Frameworks */ = {isa = PBXBuildFile; fileRef = A62DC0621DD08B1C0036C000 /* libSDWebImage.a */; };
		A682C8861DE05A39004DAC7F /* banner_placeHolder@2x.png in Resources */ = {isa = PBXBuildFile; fileRef = A682C8841DE05A39004DAC7F /* banner_placeHolder@2x.png */; };
		A682C8871DE05A39004DAC7F /* banner_placeHolder@3x.png in Resources */ = {isa = PBXBuildFile; fileRef = A682C8851DE05A39004DAC7F /* banner_placeHolder@3x.png */; };
		A69863841DC3533E0003BEF2 /* AppDelegate.swift in Sources */ = {isa = PBXBuildFile; fileRef = A69863831DC3533E0003BEF2 /* AppDelegate.swift */; };
		A69863861DC3533E0003BEF2 /* ViewController.swift in Sources */ = {isa = PBXBuildFile; fileRef = A69863851DC3533E0003BEF2 /* ViewController.swift */; };
		A69863891DC3533E0003BEF2 /* Main.storyboard in Resources */ = {isa = PBXBuildFile; fileRef = A69863871DC3533E0003BEF2 /* Main.storyboard */; };
		A698638B1DC3533E0003BEF2 /* Assets.xcassets in Resources */ = {isa = PBXBuildFile; fileRef = A698638A1DC3533E0003BEF2 /* Assets.xcassets */; };
		A698638E1DC3533E0003BEF2 /* LaunchScreen.storyboard in Resources */ = {isa = PBXBuildFile; fileRef = A698638C1DC3533E0003BEF2 /* LaunchScreen.storyboard */; };
		A69863991DC3533E0003BEF2 /* TableViewTryTests.swift in Sources */ = {isa = PBXBuildFile; fileRef = A69863981DC3533E0003BEF2 /* TableViewTryTests.swift */; };
		A69863A41DC3533E0003BEF2 /* TableViewTryUITests.swift in Sources */ = {isa = PBXBuildFile; fileRef = A69863A31DC3533E0003BEF2 /* TableViewTryUITests.swift */; };
		A6DDD3F61DC6F67F005B66D2 /* firstModelTry.swift in Sources */ = {isa = PBXBuildFile; fileRef = A6DDD3F51DC6F67F005B66D2 /* firstModelTry.swift */; };
		A6DDD3F81DC703B0005B66D2 /* firstCellTry.swift in Sources */ = {isa = PBXBuildFile; fileRef = A6DDD3F71DC703B0005B66D2 /* firstCellTry.swift */; };
		A6DDD3FA1DC745C5005B66D2 /* NetManager.swift in Sources */ = {isa = PBXBuildFile; fileRef = A6DDD3F91DC745C5005B66D2 /* NetManager.swift */; };
		A6DDD3FE1DC9841C005B66D2 /* TShopTools.m in Sources */ = {isa = PBXBuildFile; fileRef = A6DDD3FD1DC9841C005B66D2 /* TShopTools.m */; };
		AD790B0DC5D17E3B7245AD61 /* libPods-TableViewTry.a in Frameworks */ = {isa = PBXBuildFile; fileRef = 220E610B1D941A5496DD5247 /* libPods-TableViewTry.a */; };
/* End PBXBuildFile section */

/* Begin PBXContainerItemProxy section */
		A69863951DC3533E0003BEF2 /* PBXContainerItemProxy */ = {
			isa = PBXContainerItemProxy;
			containerPortal = A69863781DC3533E0003BEF2 /* Project object */;
			proxyType = 1;
			remoteGlobalIDString = A698637F1DC3533E0003BEF2;
			remoteInfo = TableViewTry;
		};
		A69863A01DC3533E0003BEF2 /* PBXContainerItemProxy */ = {
			isa = PBXContainerItemProxy;
			containerPortal = A69863781DC3533E0003BEF2 /* Project object */;
			proxyType = 1;
			remoteGlobalIDString = A698637F1DC3533E0003BEF2;
			remoteInfo = TableViewTry;
		};
/* End PBXContainerItemProxy section */

/* Begin PBXFileReference section */
		07F61B9092ABEFA5329172E8 /* libPods-TableViewTryUITests.a */ = {isa = PBXFileReference; explicitFileType = archive.ar; includeInIndex = 0; path = "libPods-TableViewTryUITests.a"; sourceTree = BUILT_PRODUCTS_DIR; };
		220E610B1D941A5496DD5247 /* libPods-TableViewTry.a */ = {isa = PBXFileReference; explicitFileType = archive.ar; includeInIndex = 0; path = "libPods-TableViewTry.a"; sourceTree = BUILT_PRODUCTS_DIR; };
		328277CFF0782991ACCDFA01 /* Pods-TableViewTryUITests.release.xcconfig */ = {isa = PBXFileReference; includeInIndex = 1; lastKnownFileType = text.xcconfig; name = "Pods-TableViewTryUITests.release.xcconfig"; path = "Pods/Target Support Files/Pods-TableViewTryUITests/Pods-TableViewTryUITests.release.xcconfig"; sourceTree = "<group>"; };
		9B50DDD4FD701252F2FEB2A7 /* libPods-TableViewTryTests.a */ = {isa = PBXFileReference; explicitFileType = archive.ar; includeInIndex = 0; path = "libPods-TableViewTryTests.a"; sourceTree = BUILT_PRODUCTS_DIR; };
		9B7FDE1BFF0885BB70E71804 /* Pods-TableViewTryUITests.debug.xcconfig */ = {isa = PBXFileReference; includeInIndex = 1; lastKnownFileType = text.xcconfig; name = "Pods-TableViewTryUITests.debug.xcconfig"; path = "Pods/Target Support Files/Pods-TableViewTryUITests/Pods-TableViewTryUITests.debug.xcconfig"; sourceTree = "<group>"; };
		A62DC05F1DD08B1C0036C000 /* libAFNetworking.a */ = {isa = PBXFileReference; lastKnownFileType = archive.ar; name = libAFNetworking.a; path = "Pods/../build/Debug-iphoneos/libAFNetworking.a"; sourceTree = "<group>"; };
		A62DC0601DD08B1C0036C000 /* libMJExtension.a */ = {isa = PBXFileReference; lastKnownFileType = archive.ar; name = libMJExtension.a; path = "Pods/../build/Debug-iphoneos/libMJExtension.a"; sourceTree = "<group>"; };
		A62DC0611DD08B1C0036C000 /* libMJRefresh.a */ = {isa = PBXFileReference; lastKnownFileType = archive.ar; name = libMJRefresh.a; path = "Pods/../build/Debug-iphoneos/libMJRefresh.a"; sourceTree = "<group>"; };
		A62DC0621DD08B1C0036C000 /* libSDWebImage.a */ = {isa = PBXFileReference; lastKnownFileType = archive.ar; name = libSDWebImage.a; path = "Pods/../build/Debug-iphoneos/libSDWebImage.a"; sourceTree = "<group>"; };
		A682C8841DE05A39004DAC7F /* banner_placeHolder@2x.png */ = {isa = PBXFileReference; lastKnownFileType = image.png; path = "banner_placeHolder@2x.png"; sourceTree = "<group>"; };
		A682C8851DE05A39004DAC7F /* banner_placeHolder@3x.png */ = {isa = PBXFileReference; lastKnownFileType = image.png; path = "banner_placeHolder@3x.png"; sourceTree = "<group>"; };
		A69863801DC3533E0003BEF2 /* TableViewTry.app */ = {isa = PBXFileReference; explicitFileType = wrapper.application; includeInIndex = 0; path = TableViewTry.app; sourceTree = BUILT_PRODUCTS_DIR; };
		A69863831DC3533E0003BEF2 /* AppDelegate.swift */ = {isa = PBXFileReference; lastKnownFileType = sourcecode.swift; path = AppDelegate.swift; sourceTree = "<group>"; };
		A69863851DC3533E0003BEF2 /* ViewController.swift */ = {isa = PBXFileReference; lastKnownFileType = sourcecode.swift; path = ViewController.swift; sourceTree = "<group>"; };
		A69863881DC3533E0003BEF2 /* Base */ = {isa = PBXFileReference; lastKnownFileType = file.storyboard; name = Base; path = Base.lproj/Main.storyboard; sourceTree = "<group>"; };
		A698638A1DC3533E0003BEF2 /* Assets.xcassets */ = {isa = PBXFileReference; lastKnownFileType = folder.assetcatalog; path = Assets.xcassets; sourceTree = "<group>"; };
		A698638D1DC3533E0003BEF2 /* Base */ = {isa = PBXFileReference; lastKnownFileType = file.storyboard; name = Base; path = Base.lproj/LaunchScreen.storyboard; sourceTree = "<group>"; };
		A698638F1DC3533E0003BEF2 /* Info.plist */ = {isa = PBXFileReference; lastKnownFileType = text.plist.xml; path = Info.plist; sourceTree = "<group>"; };
		A69863941DC3533E0003BEF2 /* TableViewTryTests.xctest */ = {isa = PBXFileReference; explicitFileType = wrapper.cfbundle; includeInIndex = 0; path = TableViewTryTests.xctest; sourceTree = BUILT_PRODUCTS_DIR; };
		A69863981DC3533E0003BEF2 /* TableViewTryTests.swift */ = {isa = PBXFileReference; lastKnownFileType = sourcecode.swift; path = TableViewTryTests.swift; sourceTree = "<group>"; };
		A698639A1DC3533E0003BEF2 /* Info.plist */ = {isa = PBXFileReference; lastKnownFileType = text.plist.xml; path = Info.plist; sourceTree = "<group>"; };
		A698639F1DC3533E0003BEF2 /* TableViewTryUITests.xctest */ = {isa = PBXFileReference; explicitFileType = wrapper.cfbundle; includeInIndex = 0; path = TableViewTryUITests.xctest; sourceTree = BUILT_PRODUCTS_DIR; };
		A69863A31DC3533E0003BEF2 /* TableViewTryUITests.swift */ = {isa = PBXFileReference; lastKnownFileType = sourcecode.swift; path = TableViewTryUITests.swift; sourceTree = "<group>"; };
		A69863A51DC3533F0003BEF2 /* Info.plist */ = {isa = PBXFileReference; lastKnownFileType = text.plist.xml; path = Info.plist; sourceTree = "<group>"; };
		A6DDD3F51DC6F67F005B66D2 /* firstModelTry.swift */ = {isa = PBXFileReference; fileEncoding = 4; lastKnownFileType = sourcecode.swift; path = firstModelTry.swift; sourceTree = "<group>"; };
		A6DDD3F71DC703B0005B66D2 /* firstCellTry.swift */ = {isa = PBXFileReference; fileEncoding = 4; lastKnownFileType = sourcecode.swift; path = firstCellTry.swift; sourceTree = "<group>"; };
		A6DDD3F91DC745C5005B66D2 /* NetManager.swift */ = {isa = PBXFileReference; fileEncoding = 4; lastKnownFileType = sourcecode.swift; path = NetManager.swift; sourceTree = "<group>"; };
		A6DDD3FB1DC74716005B66D2 /* FirstTryHeader.h */ = {isa = PBXFileReference; lastKnownFileType = sourcecode.c.h; path = FirstTryHeader.h; sourceTree = "<group>"; };
		A6DDD3FC1DC9841C005B66D2 /* TShopTools.h */ = {isa = PBXFileReference; fileEncoding = 4; lastKnownFileType = sourcecode.c.h; path = TShopTools.h; sourceTree = "<group>"; };
		A6DDD3FD1DC9841C005B66D2 /* TShopTools.m */ = {isa = PBXFileReference; fileEncoding = 4; lastKnownFileType = sourcecode.c.objc; path = TShopTools.m; sourceTree = "<group>"; };
		DC8216DBB38C9CD8A916B25D /* Pods-TableViewTry.debug.xcconfig */ = {isa = PBXFileReference; includeInIndex = 1; lastKnownFileType = text.xcconfig; name = "Pods-TableViewTry.debug.xcconfig"; path = "Pods/Target Support Files/Pods-TableViewTry/Pods-TableViewTry.debug.xcconfig"; sourceTree = "<group>"; };
		FCF659508B6CDF154CA5AFE2 /* Pods-TableViewTryTests.release.xcconfig */ = {isa = PBXFileReference; includeInIndex = 1; lastKnownFileType = text.xcconfig; name = "Pods-TableViewTryTests.release.xcconfig"; path = "Pods/Target Support Files/Pods-TableViewTryTests/Pods-TableViewTryTests.release.xcconfig"; sourceTree = "<group>"; };
		FE5C1DF2C0E658747A2640DD /* Pods-TableViewTry.release.xcconfig */ = {isa = PBXFileReference; includeInIndex = 1; lastKnownFileType = text.xcconfig; name = "Pods-TableViewTry.release.xcconfig"; path = "Pods/Target Support Files/Pods-TableViewTry/Pods-TableViewTry.release.xcconfig"; sourceTree = "<group>"; };
		FECB28350C79835C8B8B0E18 /* Pods-TableViewTryTests.debug.xcconfig */ = {isa = PBXFileReference; includeInIndex = 1; lastKnownFileType = text.xcconfig; name = "Pods-TableViewTryTests.debug.xcconfig"; path = "Pods/Target Support Files/Pods-TableViewTryTests/Pods-TableViewTryTests.debug.xcconfig"; sourceTree = "<group>"; };
/* End PBXFileReference section */

/* Begin PBXFrameworksBuildPhase section */
		A698637D1DC3533E0003BEF2 /* Frameworks */ = {
			isa = PBXFrameworksBuildPhase;
			buildActionMask = 2147483647;
			files = (
				A62DC0631DD08B1C0036C000 /* libAFNetworking.a in Frameworks */,
				A62DC0641DD08B1C0036C000 /* libMJExtension.a in Frameworks */,
				A62DC0651DD08B1C0036C000 /* libMJRefresh.a in Frameworks */,
				A62DC0661DD08B1C0036C000 /* libSDWebImage.a in Frameworks */,
				AD790B0DC5D17E3B7245AD61 /* libPods-TableViewTry.a in Frameworks */,
			);
			runOnlyForDeploymentPostprocessing = 0;
		};
		A69863911DC3533E0003BEF2 /* Frameworks */ = {
			isa = PBXFrameworksBuildPhase;
			buildActionMask = 2147483647;
			files = (
				631B2E943B39BA0279F89640 /* libPods-TableViewTryTests.a in Frameworks */,
			);
			runOnlyForDeploymentPostprocessing = 0;
		};
		A698639C1DC3533E0003BEF2 /* Frameworks */ = {
			isa = PBXFrameworksBuildPhase;
			buildActionMask = 2147483647;
			files = (
				4353EB15683EF577553CA79D /* libPods-TableViewTryUITests.a in Frameworks */,
			);
			runOnlyForDeploymentPostprocessing = 0;
		};
/* End PBXFrameworksBuildPhase section */

/* Begin PBXGroup section */
		34EA0C5F98E4A0925B000F54 /* Pods */ = {
			isa = PBXGroup;
			children = (
				DC8216DBB38C9CD8A916B25D /* Pods-TableViewTry.debug.xcconfig */,
				FE5C1DF2C0E658747A2640DD /* Pods-TableViewTry.release.xcconfig */,
				FECB28350C79835C8B8B0E18 /* Pods-TableViewTryTests.debug.xcconfig */,
				FCF659508B6CDF154CA5AFE2 /* Pods-TableViewTryTests.release.xcconfig */,
				9B7FDE1BFF0885BB70E71804 /* Pods-TableViewTryUITests.debug.xcconfig */,
				328277CFF0782991ACCDFA01 /* Pods-TableViewTryUITests.release.xcconfig */,
			);
			name = Pods;
			sourceTree = "<group>";
		};
		A69863771DC3533E0003BEF2 = {
			isa = PBXGroup;
			children = (
				A69863821DC3533E0003BEF2 /* TableViewTry */,
				A69863971DC3533E0003BEF2 /* TableViewTryTests */,
				A69863A21DC3533E0003BEF2 /* TableViewTryUITests */,
				A69863811DC3533E0003BEF2 /* Products */,
				DA2945E9341CAE861D7A3D03 /* Frameworks */,
				34EA0C5F98E4A0925B000F54 /* Pods */,
			);
			sourceTree = "<group>";
		};
		A69863811DC3533E0003BEF2 /* Products */ = {
			isa = PBXGroup;
			children = (
				A69863801DC3533E0003BEF2 /* TableViewTry.app */,
				A69863941DC3533E0003BEF2 /* TableViewTryTests.xctest */,
				A698639F1DC3533E0003BEF2 /* TableViewTryUITests.xctest */,
			);
			name = Products;
			sourceTree = "<group>";
		};
		A69863821DC3533E0003BEF2 /* TableViewTry */ = {
			isa = PBXGroup;
			children = (
				A682C8841DE05A39004DAC7F /* banner_placeHolder@2x.png */,
				A682C8851DE05A39004DAC7F /* banner_placeHolder@3x.png */,
				A6DDD3FC1DC9841C005B66D2 /* TShopTools.h */,
				A6DDD3FD1DC9841C005B66D2 /* TShopTools.m */,
				A6DDD3FB1DC74716005B66D2 /* FirstTryHeader.h */,
				A6DDD3F91DC745C5005B66D2 /* NetManager.swift */,
				A6DDD3F51DC6F67F005B66D2 /* firstModelTry.swift */,
				A6DDD3F71DC703B0005B66D2 /* firstCellTry.swift */,
				A69863831DC3533E0003BEF2 /* AppDelegate.swift */,
				A69863851DC3533E0003BEF2 /* ViewController.swift */,
				A69863871DC3533E0003BEF2 /* Main.storyboard */,
				A698638A1DC3533E0003BEF2 /* Assets.xcassets */,
				A698638C1DC3533E0003BEF2 /* LaunchScreen.storyboard */,
				A698638F1DC3533E0003BEF2 /* Info.plist */,
			);
			path = TableViewTry;
			sourceTree = "<group>";
		};
		A69863971DC3533E0003BEF2 /* TableViewTryTests */ = {
			isa = PBXGroup;
			children = (
				A69863981DC3533E0003BEF2 /* TableViewTryTests.swift */,
				A698639A1DC3533E0003BEF2 /* Info.plist */,
			);
			path = TableViewTryTests;
			sourceTree = "<group>";
		};
		A69863A21DC3533E0003BEF2 /* TableViewTryUITests */ = {
			isa = PBXGroup;
			children = (
				A69863A31DC3533E0003BEF2 /* TableViewTryUITests.swift */,
				A69863A51DC3533F0003BEF2 /* Info.plist */,
			);
			path = TableViewTryUITests;
			sourceTree = "<group>";
		};
		DA2945E9341CAE861D7A3D03 /* Frameworks */ = {
			isa = PBXGroup;
			children = (
				A62DC05F1DD08B1C0036C000 /* libAFNetworking.a */,
				A62DC0601DD08B1C0036C000 /* libMJExtension.a */,
				A62DC0611DD08B1C0036C000 /* libMJRefresh.a */,
				A62DC0621DD08B1C0036C000 /* libSDWebImage.a */,
				220E610B1D941A5496DD5247 /* libPods-TableViewTry.a */,
				9B50DDD4FD701252F2FEB2A7 /* libPods-TableViewTryTests.a */,
				07F61B9092ABEFA5329172E8 /* libPods-TableViewTryUITests.a */,
			);
			name = Frameworks;
			sourceTree = "<group>";
		};
/* End PBXGroup section */

/* Begin PBXNativeTarget section */
		A698637F1DC3533E0003BEF2 /* TableViewTry */ = {
			isa = PBXNativeTarget;
			buildConfigurationList = A69863A81DC3533F0003BEF2 /* Build configuration list for PBXNativeTarget "TableViewTry" */;
			buildPhases = (
				82FB67D828476BF6E8C381F4 /* [CP] Check Pods Manifest.lock */,
				A698637C1DC3533E0003BEF2 /* Sources */,
				A698637D1DC3533E0003BEF2 /* Frameworks */,
				A698637E1DC3533E0003BEF2 /* Resources */,
				479DF568D84B5D16B880FFB9 /* [CP] Embed Pods Frameworks */,
				8074395ACD4D11F3F28879D7 /* [CP] Copy Pods Resources */,
			);
			buildRules = (
			);
			dependencies = (
			);
			name = TableViewTry;
			productName = TableViewTry;
			productReference = A69863801DC3533E0003BEF2 /* TableViewTry.app */;
			productType = "com.apple.product-type.application";
		};
		A69863931DC3533E0003BEF2 /* TableViewTryTests */ = {
			isa = PBXNativeTarget;
			buildConfigurationList = A69863AB1DC3533F0003BEF2 /* Build configuration list for PBXNativeTarget "TableViewTryTests" */;
			buildPhases = (
				7E7F2FC2BE36E60F9E7B7D44 /* [CP] Check Pods Manifest.lock */,
				A69863901DC3533E0003BEF2 /* Sources */,
				A69863911DC3533E0003BEF2 /* Frameworks */,
				A69863921DC3533E0003BEF2 /* Resources */,
				E1DEA89212CF094D09CB6F83 /* [CP] Embed Pods Frameworks */,
				9E54BA24C11FFB5A1E3847B1 /* [CP] Copy Pods Resources */,
			);
			buildRules = (
			);
			dependencies = (
				A69863961DC3533E0003BEF2 /* PBXTargetDependency */,
			);
			name = TableViewTryTests;
			productName = TableViewTryTests;
			productReference = A69863941DC3533E0003BEF2 /* TableViewTryTests.xctest */;
			productType = "com.apple.product-type.bundle.unit-test";
		};
		A698639E1DC3533E0003BEF2 /* TableViewTryUITests */ = {
			isa = PBXNativeTarget;
			buildConfigurationList = A69863AE1DC3533F0003BEF2 /* Build configuration list for PBXNativeTarget "TableViewTryUITests" */;
			buildPhases = (
				A01C248B9A08B40B2368A922 /* [CP] Check Pods Manifest.lock */,
				A698639B1DC3533E0003BEF2 /* Sources */,
				A698639C1DC3533E0003BEF2 /* Frameworks */,
				A698639D1DC3533E0003BEF2 /* Resources */,
				0F75CA9F64E686527A307BD4 /* [CP] Embed Pods Frameworks */,
				80A3A72D20AA93F7E7D3EF2A /* [CP] Copy Pods Resources */,
			);
			buildRules = (
			);
			dependencies = (
				A69863A11DC3533E0003BEF2 /* PBXTargetDependency */,
			);
			name = TableViewTryUITests;
			productName = TableViewTryUITests;
			productReference = A698639F1DC3533E0003BEF2 /* TableViewTryUITests.xctest */;
			productType = "com.apple.product-type.bundle.ui-testing";
		};
/* End PBXNativeTarget section */

/* Begin PBXProject section */
		A69863781DC3533E0003BEF2 /* Project object */ = {
			isa = PBXProject;
			attributes = {
				LastSwiftUpdateCheck = 0800;
				LastUpgradeCheck = 0800;
				ORGANIZATIONNAME = "扶摇先生";
				TargetAttributes = {
					A698637F1DC3533E0003BEF2 = {
						CreatedOnToolsVersion = 8.0;
						DevelopmentTeam = CXC9XEL8QE;
						ProvisioningStyle = Automatic;
					};
					A69863931DC3533E0003BEF2 = {
						CreatedOnToolsVersion = 8.0;
						ProvisioningStyle = Automatic;
						TestTargetID = A698637F1DC3533E0003BEF2;
					};
					A698639E1DC3533E0003BEF2 = {
						CreatedOnToolsVersion = 8.0;
						ProvisioningStyle = Automatic;
						TestTargetID = A698637F1DC3533E0003BEF2;
					};
				};
			};
			buildConfigurationList = A698637B1DC3533E0003BEF2 /* Build configuration list for PBXProject "TableViewTry" */;
			compatibilityVersion = "Xcode 3.2";
			developmentRegion = English;
			hasScannedForEncodings = 0;
			knownRegions = (
				en,
				Base,
			);
			mainGroup = A69863771DC3533E0003BEF2;
			productRefGroup = A69863811DC3533E0003BEF2 /* Products */;
			projectDirPath = "";
			projectRoot = "";
			targets = (
				A698637F1DC3533E0003BEF2 /* TableViewTry */,
				A69863931DC3533E0003BEF2 /* TableViewTryTests */,
				A698639E1DC3533E0003BEF2 /* TableViewTryUITests */,
			);
		};
/* End PBXProject section */

/* Begin PBXResourcesBuildPhase section */
		A698637E1DC3533E0003BEF2 /* Resources */ = {
			isa = PBXResourcesBuildPhase;
			buildActionMask = 2147483647;
			files = (
				A698638E1DC3533E0003BEF2 /* LaunchScreen.storyboard in Resources */,
				A698638B1DC3533E0003BEF2 /* Assets.xcassets in Resources */,
				A682C8871DE05A39004DAC7F /* banner_placeHolder@3x.png in Resources */,
				A682C8861DE05A39004DAC7F /* banner_placeHolder@2x.png in Resources */,
				A69863891DC3533E0003BEF2 /* Main.storyboard in Resources */,
			);
			runOnlyForDeploymentPostprocessing = 0;
		};
		A69863921DC3533E0003BEF2 /* Resources */ = {
			isa = PBXResourcesBuildPhase;
			buildActionMask = 2147483647;
			files = (
			);
			runOnlyForDeploymentPostprocessing = 0;
		};
		A698639D1DC3533E0003BEF2 /* Resources */ = {
			isa = PBXResourcesBuildPhase;
			buildActionMask = 2147483647;
			files = (
			);
			runOnlyForDeploymentPostprocessing = 0;
		};
/* End PBXResourcesBuildPhase section */

/* Begin PBXShellScriptBuildPhase section */
		0F75CA9F64E686527A307BD4 /* [CP] Embed Pods Frameworks */ = {
			isa = PBXShellScriptBuildPhase;
			buildActionMask = 2147483647;
			files = (
			);
			inputPaths = (
			);
			name = "[CP] Embed Pods Frameworks";
			outputPaths = (
			);
			runOnlyForDeploymentPostprocessing = 0;
			shellPath = /bin/sh;
			shellScript = "\"${SRCROOT}/Pods/Target Support Files/Pods-TableViewTryUITests/Pods-TableViewTryUITests-frameworks.sh\"\n";
			showEnvVarsInLog = 0;
		};
		479DF568D84B5D16B880FFB9 /* [CP] Embed Pods Frameworks */ = {
			isa = PBXShellScriptBuildPhase;
			buildActionMask = 2147483647;
			files = (
			);
			inputPaths = (
			);
			name = "[CP] Embed Pods Frameworks";
			outputPaths = (
			);
			runOnlyForDeploymentPostprocessing = 0;
			shellPath = /bin/sh;
			shellScript = "\"${SRCROOT}/Pods/Target Support Files/Pods-TableViewTry/Pods-TableViewTry-frameworks.sh\"\n";
			showEnvVarsInLog = 0;
		};
		7E7F2FC2BE36E60F9E7B7D44 /* [CP] Check Pods Manifest.lock */ = {
			isa = PBXShellScriptBuildPhase;
			buildActionMask = 2147483647;
			files = (
			);
			inputPaths = (
			);
			name = "[CP] Check Pods Manifest.lock";
			outputPaths = (
			);
			runOnlyForDeploymentPostprocessing = 0;
			shellPath = /bin/sh;
			shellScript = "diff \"${PODS_ROOT}/../Podfile.lock\" \"${PODS_ROOT}/Manifest.lock\" > /dev/null\nif [ $? != 0 ] ; then\n    # print error to STDERR\n    echo \"error: The sandbox is not in sync with the Podfile.lock. Run 'pod install' or update your CocoaPods installation.\" >&2\n    exit 1\nfi\n";
			showEnvVarsInLog = 0;
		};
		8074395ACD4D11F3F28879D7 /* [CP] Copy Pods Resources */ = {
			isa = PBXShellScriptBuildPhase;
			buildActionMask = 2147483647;
			files = (
			);
			inputPaths = (
			);
			name = "[CP] Copy Pods Resources";
			outputPaths = (
			);
			runOnlyForDeploymentPostprocessing = 0;
			shellPath = /bin/sh;
			shellScript = "\"${SRCROOT}/Pods/Target Support Files/Pods-TableViewTry/Pods-TableViewTry-resources.sh\"\n";
			showEnvVarsInLog = 0;
		};
		80A3A72D20AA93F7E7D3EF2A /* [CP] Copy Pods Resources */ = {
			isa = PBXShellScriptBuildPhase;
			buildActionMask = 2147483647;
			files = (
			);
			inputPaths = (
			);
			name = "[CP] Copy Pods Resources";
			outputPaths = (
			);
			runOnlyForDeploymentPostprocessing = 0;
			shellPath = /bin/sh;
			shellScript = "\"${SRCROOT}/Pods/Target Support Files/Pods-TableViewTryUITests/Pods-TableViewTryUITests-resources.sh\"\n";
			showEnvVarsInLog = 0;
		};
		82FB67D828476BF6E8C381F4 /* [CP] Check Pods Manifest.lock */ = {
			isa = PBXShellScriptBuildPhase;
			buildActionMask = 2147483647;
			files = (
			);
			inputPaths = (
			);
			name = "[CP] Check Pods Manifest.lock";
			outputPaths = (
			);
			runOnlyForDeploymentPostprocessing = 0;
			shellPath = /bin/sh;
			shellScript = "diff \"${PODS_ROOT}/../Podfile.lock\" \"${PODS_ROOT}/Manifest.lock\" > /dev/null\nif [ $? != 0 ] ; then\n    # print error to STDERR\n    echo \"error: The sandbox is not in sync with the Podfile.lock. Run 'pod install' or update your CocoaPods installation.\" >&2\n    exit 1\nfi\n";
			showEnvVarsInLog = 0;
		};
		9E54BA24C11FFB5A1E3847B1 /* [CP] Copy Pods Resources */ = {
			isa = PBXShellScriptBuildPhase;
			buildActionMask = 2147483647;
			files = (
			);
			inputPaths = (
			);
			name = "[CP] Copy Pods Resources";
			outputPaths = (
			);
			runOnlyForDeploymentPostprocessing = 0;
			shellPath = /bin/sh;
			shellScript = "\"${SRCROOT}/Pods/Target Support Files/Pods-TableViewTryTests/Pods-TableViewTryTests-resources.sh\"\n";
			showEnvVarsInLog = 0;
		};
		A01C248B9A08B40B2368A922 /* [CP] Check Pods Manifest.lock */ = {
			isa = PBXShellScriptBuildPhase;
			buildActionMask = 2147483647;
			files = (
			);
			inputPaths = (
			);
			name = "[CP] Check Pods Manifest.lock";
			outputPaths = (
			);
			runOnlyForDeploymentPostprocessing = 0;
			shellPath = /bin/sh;
			shellScript = "diff \"${PODS_ROOT}/../Podfile.lock\" \"${PODS_ROOT}/Manifest.lock\" > /dev/null\nif [ $? != 0 ] ; then\n    # print error to STDERR\n    echo \"error: The sandbox is not in sync with the Podfile.lock. Run 'pod install' or update your CocoaPods installation.\" >&2\n    exit 1\nfi\n";
			showEnvVarsInLog = 0;
		};
		E1DEA89212CF094D09CB6F83 /* [CP] Embed Pods Frameworks */ = {
			isa = PBXShellScriptBuildPhase;
			buildActionMask = 2147483647;
			files = (
			);
			inputPaths = (
			);
			name = "[CP] Embed Pods Frameworks";
			outputPaths = (
			);
			runOnlyForDeploymentPostprocessing = 0;
			shellPath = /bin/sh;
			shellScript = "\"${SRCROOT}/Pods/Target Support Files/Pods-TableViewTryTests/Pods-TableViewTryTests-frameworks.sh\"\n";
			showEnvVarsInLog = 0;
		};
/* End PBXShellScriptBuildPhase section */

/* Begin PBXSourcesBuildPhase section */
		A698637C1DC3533E0003BEF2 /* Sources */ = {
			isa = PBXSourcesBuildPhase;
			buildActionMask = 2147483647;
			files = (
				A6DDD3F81DC703B0005B66D2 /* firstCellTry.swift in Sources */,
				A69863861DC3533E0003BEF2 /* ViewController.swift in Sources */,
				A6DDD3FE1DC9841C005B66D2 /* TShopTools.m in Sources */,
				A69863841DC3533E0003BEF2 /* AppDelegate.swift in Sources */,
				A6DDD3FA1DC745C5005B66D2 /* NetManager.swift in Sources */,
				A6DDD3F61DC6F67F005B66D2 /* firstModelTry.swift in Sources */,
			);
			runOnlyForDeploymentPostprocessing = 0;
		};
		A69863901DC3533E0003BEF2 /* Sources */ = {
			isa = PBXSourcesBuildPhase;
			buildActionMask = 2147483647;
			files = (
				A69863991DC3533E0003BEF2 /* TableViewTryTests.swift in Sources */,
			);
			runOnlyForDeploymentPostprocessing = 0;
		};
		A698639B1DC3533E0003BEF2 /* Sources */ = {
			isa = PBXSourcesBuildPhase;
			buildActionMask = 2147483647;
			files = (
				A69863A41DC3533E0003BEF2 /* TableViewTryUITests.swift in Sources */,
			);
			runOnlyForDeploymentPostprocessing = 0;
		};
/* End PBXSourcesBuildPhase section */

/* Begin PBXTargetDependency section */
		A69863961DC3533E0003BEF2 /* PBXTargetDependency */ = {
			isa = PBXTargetDependency;
			target = A698637F1DC3533E0003BEF2 /* TableViewTry */;
			targetProxy = A69863951DC3533E0003BEF2 /* PBXContainerItemProxy */;
		};
		A69863A11DC3533E0003BEF2 /* PBXTargetDependency */ = {
			isa = PBXTargetDependency;
			target = A698637F1DC3533E0003BEF2 /* TableViewTry */;
			targetProxy = A69863A01DC3533E0003BEF2 /* PBXContainerItemProxy */;
		};
/* End PBXTargetDependency section */

/* Begin PBXVariantGroup section */
		A69863871DC3533E0003BEF2 /* Main.storyboard */ = {
			isa = PBXVariantGroup;
			children = (
				A69863881DC3533E0003BEF2 /* Base */,
			);
			name = Main.storyboard;
			sourceTree = "<group>";
		};
		A698638C1DC3533E0003BEF2 /* LaunchScreen.storyboard */ = {
			isa = PBXVariantGroup;
			children = (
				A698638D1DC3533E0003BEF2 /* Base */,
			);
			name = LaunchScreen.storyboard;
			sourceTree = "<group>";
		};
/* End PBXVariantGroup section */

/* Begin XCBuildConfiguration section */
		A69863A61DC3533F0003BEF2 /* Debug */ = {
			isa = XCBuildConfiguration;
			buildSettings = {
				ALWAYS_SEARCH_USER_PATHS = NO;
				CLANG_ANALYZER_NONNULL = YES;
				CLANG_CXX_LANGUAGE_STANDARD = "gnu++0x";
				CLANG_CXX_LIBRARY = "libc++";
				CLANG_ENABLE_MODULES = YES;
				CLANG_ENABLE_OBJC_ARC = YES;
				CLANG_WARN_BOOL_CONVERSION = YES;
				CLANG_WARN_CONSTANT_CONVERSION = YES;
				CLANG_WARN_DIRECT_OBJC_ISA_USAGE = YES_ERROR;
				CLANG_WARN_DOCUMENTATION_COMMENTS = YES;
				CLANG_WARN_EMPTY_BODY = YES;
				CLANG_WARN_ENUM_CONVERSION = YES;
				CLANG_WARN_INFINITE_RECURSION = YES;
				CLANG_WARN_INT_CONVERSION = YES;
				CLANG_WARN_OBJC_ROOT_CLASS = YES_ERROR;
				CLANG_WARN_SUSPICIOUS_MOVES = YES;
				CLANG_WARN_UNREACHABLE_CODE = YES;
				CLANG_WARN__DUPLICATE_METHOD_MATCH = YES;
				"CODE_SIGN_IDENTITY[sdk=iphoneos*]" = "iPhone Developer";
				COPY_PHASE_STRIP = NO;
				DEBUG_INFORMATION_FORMAT = dwarf;
				ENABLE_STRICT_OBJC_MSGSEND = YES;
				ENABLE_TESTABILITY = YES;
				GCC_C_LANGUAGE_STANDARD = gnu99;
				GCC_DYNAMIC_NO_PIC = NO;
				GCC_NO_COMMON_BLOCKS = YES;
				GCC_OPTIMIZATION_LEVEL = 0;
				GCC_PREPROCESSOR_DEFINITIONS = (
					"DEBUG=1",
					"$(inherited)",
				);
				GCC_WARN_64_TO_32_BIT_CONVERSION = YES;
				GCC_WARN_ABOUT_RETURN_TYPE = YES_ERROR;
				GCC_WARN_UNDECLARED_SELECTOR = YES;
				GCC_WARN_UNINITIALIZED_AUTOS = YES_AGGRESSIVE;
				GCC_WARN_UNUSED_FUNCTION = YES;
				GCC_WARN_UNUSED_VARIABLE = YES;
				IPHONEOS_DEPLOYMENT_TARGET = 10.0;
				MTL_ENABLE_DEBUG_INFO = YES;
				ONLY_ACTIVE_ARCH = YES;
				SDKROOT = iphoneos;
				SWIFT_ACTIVE_COMPILATION_CONDITIONS = DEBUG;
				SWIFT_OPTIMIZATION_LEVEL = "-Onone";
				TARGETED_DEVICE_FAMILY = "1,2";
			};
			name = Debug;
		};
		A69863A71DC3533F0003BEF2 /* Release */ = {
			isa = XCBuildConfiguration;
			buildSettings = {
				ALWAYS_SEARCH_USER_PATHS = NO;
				CLANG_ANALYZER_NONNULL = YES;
				CLANG_CXX_LANGUAGE_STANDARD = "gnu++0x";
				CLANG_CXX_LIBRARY = "libc++";
				CLANG_ENABLE_MODULES = YES;
				CLANG_ENABLE_OBJC_ARC = YES;
				CLANG_WARN_BOOL_CONVERSION = YES;
				CLANG_WARN_CONSTANT_CONVERSION = YES;
				CLANG_WARN_DIRECT_OBJC_ISA_USAGE = YES_ERROR;
				CLANG_WARN_DOCUMENTATION_COMMENTS = YES;
				CLANG_WARN_EMPTY_BODY = YES;
				CLANG_WARN_ENUM_CONVERSION = YES;
				CLANG_WARN_INFINITE_RECURSION = YES;
				CLANG_WARN_INT_CONVERSION = YES;
				CLANG_WARN_OBJC_ROOT_CLASS = YES_ERROR;
				CLANG_WARN_SUSPICIOUS_MOVES = YES;
				CLANG_WARN_UNREACHABLE_CODE = YES;
				CLANG_WARN__DUPLICATE_METHOD_MATCH = YES;
				"CODE_SIGN_IDENTITY[sdk=iphoneos*]" = "iPhone Developer";
				COPY_PHASE_STRIP = NO;
				DEBUG_INFORMATION_FORMAT = "dwarf-with-dsym";
				ENABLE_NS_ASSERTIONS = NO;
				ENABLE_STRICT_OBJC_MSGSEND = YES;
				GCC_C_LANGUAGE_STANDARD = gnu99;
				GCC_NO_COMMON_BLOCKS = YES;
				GCC_WARN_64_TO_32_BIT_CONVERSION = YES;
				GCC_WARN_ABOUT_RETURN_TYPE = YES_ERROR;
				GCC_WARN_UNDECLARED_SELECTOR = YES;
				GCC_WARN_UNINITIALIZED_AUTOS = YES_AGGRESSIVE;
				GCC_WARN_UNUSED_FUNCTION = YES;
				GCC_WARN_UNUSED_VARIABLE = YES;
				IPHONEOS_DEPLOYMENT_TARGET = 10.0;
				MTL_ENABLE_DEBUG_INFO = NO;
				SDKROOT = iphoneos;
				SWIFT_OPTIMIZATION_LEVEL = "-Owholemodule";
				TARGETED_DEVICE_FAMILY = "1,2";
				VALIDATE_PRODUCT = YES;
			};
			name = Release;
		};
		A69863A91DC3533F0003BEF2 /* Debug */ = {
			isa = XCBuildConfiguration;
			baseConfigurationReference = DC8216DBB38C9CD8A916B25D /* Pods-TableViewTry.debug.xcconfig */;
			buildSettings = {
				ASSETCATALOG_COMPILER_APPICON_NAME = AppIcon;
				DEVELOPMENT_TEAM = CXC9XEL8QE;
				INFOPLIST_FILE = TableViewTry/Info.plist;
				LD_RUNPATH_SEARCH_PATHS = "$(inherited) @executable_path/Frameworks";
				LIBRARY_SEARCH_PATHS = (
					"$(inherited)",
					"$(PROJECT_DIR)/build/Debug-iphoneos",
				);
				PRODUCT_BUNDLE_IDENTIFIER = "com.-TTMV.Com.TableViewTry";
				PRODUCT_NAME = "$(TARGET_NAME)";
				SWIFT_OBJC_BRIDGING_HEADER = /Users/fuyaoxiansheng/tableViewTry/TableViewTry/FirstTryHeader.h;
				SWIFT_VERSION = 3.0;
			};
			name = Debug;
		};
		A69863AA1DC3533F0003BEF2 /* Release */ = {
			isa = XCBuildConfiguration;
			baseConfigurationReference = FE5C1DF2C0E658747A2640DD /* Pods-TableViewTry.release.xcconfig */;
			buildSettings = {
				ASSETCATALOG_COMPILER_APPICON_NAME = AppIcon;
				DEVELOPMENT_TEAM = CXC9XEL8QE;
				INFOPLIST_FILE = TableViewTry/Info.plist;
				LD_RUNPATH_SEARCH_PATHS = "$(inherited) @executable_path/Frameworks";
				LIBRARY_SEARCH_PATHS = (
					"$(inherited)",
					"$(PROJECT_DIR)/build/Debug-iphoneos",
				);
				PRODUCT_BUNDLE_IDENTIFIER = "com.-TTMV.Com.TableViewTry";
				PRODUCT_NAME = "$(TARGET_NAME)";
				SWIFT_OBJC_BRIDGING_HEADER = /Users/fuyaoxiansheng/tableViewTry/TableViewTry/FirstTryHeader.h;
				SWIFT_VERSION = 3.0;
			};
			name = Release;
		};
		A69863AC1DC3533F0003BEF2 /* Debug */ = {
			isa = XCBuildConfiguration;
			baseConfigurationReference = FECB28350C79835C8B8B0E18 /* Pods-TableViewTryTests.debug.xcconfig */;
			buildSettings = {
				ALWAYS_EMBED_SWIFT_STANDARD_LIBRARIES = YES;
				BUNDLE_LOADER = "$(TEST_HOST)";
				INFOPLIST_FILE = TableViewTryTests/Info.plist;
				LD_RUNPATH_SEARCH_PATHS = "$(inherited) @executable_path/Frameworks @loader_path/Frameworks";
				PRODUCT_BUNDLE_IDENTIFIER = "com.-TTMV.Com.TableViewTryTests";
				PRODUCT_NAME = "$(TARGET_NAME)";
				SWIFT_VERSION = 3.0;
				TEST_HOST = "$(BUILT_PRODUCTS_DIR)/TableViewTry.app/TableViewTry";
			};
			name = Debug;
		};
		A69863AD1DC3533F0003BEF2 /* Release */ = {
			isa = XCBuildConfiguration;
			baseConfigurationReference = FCF659508B6CDF154CA5AFE2 /* Pods-TableViewTryTests.release.xcconfig */;
			buildSettings = {
				ALWAYS_EMBED_SWIFT_STANDARD_LIBRARIES = YES;
				BUNDLE_LOADER = "$(TEST_HOST)";
				INFOPLIST_FILE = TableViewTryTests/Info.plist;
				LD_RUNPATH_SEARCH_PATHS = "$(inherited) @executable_path/Frameworks @loader_path/Frameworks";
				PRODUCT_BUNDLE_IDENTIFIER = "com.-TTMV.Com.TableViewTryTests";
				PRODUCT_NAME = "$(TARGET_NAME)";
				SWIFT_VERSION = 3.0;
				TEST_HOST = "$(BUILT_PRODUCTS_DIR)/TableViewTry.app/TableViewTry";
			};
			name = Release;
		};
		A69863AF1DC3533F0003BEF2 /* Debug */ = {
			isa = XCBuildConfiguration;
			baseConfigurationReference = 9B7FDE1BFF0885BB70E71804 /* Pods-TableViewTryUITests.debug.xcconfig */;
			buildSettings = {
				ALWAYS_EMBED_SWIFT_STANDARD_LIBRARIES = YES;
				INFOPLIST_FILE = TableViewTryUITests/Info.plist;
				LD_RUNPATH_SEARCH_PATHS = "$(inherited) @executable_path/Frameworks @loader_path/Frameworks";
				PRODUCT_BUNDLE_IDENTIFIER = "com.-TTMV.Com.TableViewTryUITests";
				PRODUCT_NAME = "$(TARGET_NAME)";
				SWIFT_VERSION = 3.0;
				TEST_TARGET_NAME = TableViewTry;
			};
			name = Debug;
		};
		A69863B01DC3533F0003BEF2 /* Release */ = {
			isa = XCBuildConfiguration;
			baseConfigurationReference = 328277CFF0782991ACCDFA01 /* Pods-TableViewTryUITests.release.xcconfig */;
			buildSettings = {
				ALWAYS_EMBED_SWIFT_STANDARD_LIBRARIES = YES;
				INFOPLIST_FILE = TableViewTryUITests/Info.plist;
				LD_RUNPATH_SEARCH_PATHS = "$(inherited) @executable_path/Frameworks @loader_path/Frameworks";
				PRODUCT_BUNDLE_IDENTIFIER = "com.-TTMV.Com.TableViewTryUITests";
				PRODUCT_NAME = "$(TARGET_NAME)";
				SWIFT_VERSION = 3.0;
				TEST_TARGET_NAME = TableViewTry;
			};
			name = Release;
		};
/* End XCBuildConfiguration section */

/* Begin XCConfigurationList section */
		A698637B1DC3533E0003BEF2 /* Build configuration list for PBXProject "TableViewTry" */ = {
			isa = XCConfigurationList;
			buildConfigurations = (
				A69863A61DC3533F0003BEF2 /* Debug */,
				A69863A71DC3533F0003BEF2 /* Release */,
			);
			defaultConfigurationIsVisible = 0;
			defaultConfigurationName = Release;
		};
		A69863A81DC3533F0003BEF2 /* Build configuration list for PBXNativeTarget "TableViewTry" */ = {
			isa = XCConfigurationList;
			buildConfigurations = (
				A69863A91DC3533F0003BEF2 /* Debug */,
				A69863AA1DC3533F0003BEF2 /* Release */,
			);
			defaultConfigurationIsVisible = 0;
			defaultConfigurationName = Release;
		};
		A69863AB1DC3533F0003BEF2 /* Build configuration list for PBXNativeTarget "TableViewTryTests" */ = {
			isa = XCConfigurationList;
			buildConfigurations = (
				A69863AC1DC3533F0003BEF2 /* Debug */,
				A69863AD1DC3533F0003BEF2 /* Release */,
			);
			defaultConfigurationIsVisible = 0;
			defaultConfigurationName = Release;
		};
		A69863AE1DC3533F0003BEF2 /* Build configuration list for PBXNativeTarget "TableViewTryUITests" */ = {
			isa = XCConfigurationList;
			buildConfigurations = (
				A69863AF1DC3533F0003BEF2 /* Debug */,
				A69863B01DC3533F0003BEF2 /* Release */,
			);
			defaultConfigurationIsVisible = 0;
			defaultConfigurationName = Release;
		};
/* End XCConfigurationList section */
	};
	rootObject = A69863781DC3533E0003BEF2 /* Project object */;
}
